
Microsoft Visual Studio Solution File, Format Version 12.00
# Visual Studio Version 16
VisualStudioVersion = 16.0.29424.173
MinimumVisualStudioVersion = 10.0.40219.1
Project("{FAE04EC0-301F-11D3-BF4B-00C04F79EFBC}") = "Minesweeper", "Minesweeper\Minesweeper.csproj", "{CEC8298B-162A-4D29-A919-5220063C7AF7}"
EndProject
Project("{FAE04EC0-301F-11D3-BF4B-00C04F79EFBC}") = "Console.Common", "Console.Common\Console.Common.csproj", "{8D395E06-599A-4974-B49E-A61786A69460}"
EndProject
Global
	GlobalSection(SolutionConfigurationPlatforms) = preSolution
		Debug|Any CPU = Debug|Any CPU
		Release|Any CPU = Release|Any CPU
	EndGlobalSection
	GlobalSection(ProjectConfigurationPlatforms) = postSolution
		{CEC8298B-162A-4D29-A919-5220063C7AF7}.Debug|Any CPU.ActiveCfg = Debug|Any CPU
		{CEC8298B-162A-4D29-A919-5220063C7AF7}.Debug|Any CPU.Build.0 = Debug|Any CPU
		{CEC8298B-162A-4D29-A919-5220063C7AF7}.Release|Any CPU.ActiveCfg = Release|Any CPU
		{CEC8298B-162A-4D29-A919-5220063C7AF7}.Release|Any CPU.Build.0 = Release|Any CPU
		{8D395E06-599A-4974-B49E-A61786A69460}.Debug|Any CPU.ActiveCfg = Debug|Any CPU
		{8D395E06-599A-4974-B49E-A61786A69460}.Debug|Any CPU.Build.0 = Debug|Any CPU
		{8D395E06-599A-4974-B49E-A61786A69460}.Release|Any CPU.ActiveCfg = Release|Any CPU
		{8D395E06-599A-4974-B49E-A61786A69460}.Release|Any CPU.Build.0 = Release|Any CPU
	EndGlobalSection
	GlobalSection(SolutionProperties) = preSolution
		HideSolutionNode = FALSE
	EndGlobalSection
	GlobalSection(ExtensibilityGlobals) = postSolution
		SolutionGuid = {4A2E38A9-8041-4CA3-993A-978401CAE501}
	EndGlobalSection
EndGlobal
